
Microsoft Visual Studio Solution File, Format Version 12.00
# Visual Studio Version 17
VisualStudioVersion = 17.9.34902.65
MinimumVisualStudioVersion = 10.0.40219.1
Project("{FAE04EC0-301F-11D3-BF4B-00C04F79EFBC}") = "LoginApp_Selenium", "LoginApp_Selenium\LoginApp_Selenium.csproj", "{B8749E7B-169E-4CE6-AAD9-5A732D12A1AF}"
EndProject
Global
	GlobalSection(SolutionConfigurationPlatforms) = preSolution
		Debug|Any CPU = Debug|Any CPU
		Release|Any CPU = Release|Any CPU
	EndGlobalSection
	GlobalSection(ProjectConfigurationPlatforms) = postSolution
		{B8749E7B-169E-4CE6-AAD9-5A732D12A1AF}.Debug|Any CPU.ActiveCfg = Debug|Any CPU
		{B8749E7B-169E-4CE6-AAD9-5A732D12A1AF}.Debug|Any CPU.Build.0 = Debug|Any CPU
		{B8749E7B-169E-4CE6-AAD9-5A732D12A1AF}.Release|Any CPU.ActiveCfg = Release|Any CPU
		{B8749E7B-169E-4CE6-AAD9-5A732D12A1AF}.Release|Any CPU.Build.0 = Release|Any CPU
	EndGlobalSection
	GlobalSection(SolutionProperties) = preSolution
		HideSolutionNode = FALSE
	EndGlobalSection
	GlobalSection(ExtensibilityGlobals) = postSolution
		SolutionGuid = {C1AC2333-3E2C-45E6-8502-C86D43539BAE}
	EndGlobalSection
EndGlobal
